
Microsoft Visual Studio Solution File, Format Version 12.00
# Visual Studio Version 17
VisualStudioVersion = 17.4.33213.308
MinimumVisualStudioVersion = 10.0.40219.1
Project("{9A19103F-16F7-4668-BE54-9A1E7A4F7556}") = "RclExamples", "RclExamples.csproj", "{0CFBDC9B-0646-482A-A7BE-9CBFA8DC962C}"
EndProject
Project("{9A19103F-16F7-4668-BE54-9A1E7A4F7556}") = "Rcl.NET", "..\src\Rcl.NET\Rcl.NET.csproj", "{43B2DAFD-8070-4DDB-85F0-1ACA17B30EDF}"
EndProject
Global
	GlobalSection(SolutionConfigurationPlatforms) = preSolution
		Debug|Any CPU = Debug|Any CPU
		Release|Any CPU = Release|Any CPU
	EndGlobalSection
	GlobalSection(ProjectConfigurationPlatforms) = postSolution
		{0CFBDC9B-0646-482A-A7BE-9CBFA8DC962C}.Debug|Any CPU.ActiveCfg = Debug|Any CPU
		{0CFBDC9B-0646-482A-A7BE-9CBFA8DC962C}.Debug|Any CPU.Build.0 = Debug|Any CPU
		{0CFBDC9B-0646-482A-A7BE-9CBFA8DC962C}.Release|Any CPU.ActiveCfg = Release|Any CPU
		{0CFBDC9B-0646-482A-A7BE-9CBFA8DC962C}.Release|Any CPU.Build.0 = Release|Any CPU
		{43B2DAFD-8070-4DDB-85F0-1ACA17B30EDF}.Debug|Any CPU.ActiveCfg = Debug|Any CPU
		{43B2DAFD-8070-4DDB-85F0-1ACA17B30EDF}.Debug|Any CPU.Build.0 = Debug|Any CPU
		{43B2DAFD-8070-4DDB-85F0-1ACA17B30EDF}.Release|Any CPU.ActiveCfg = Release|Any CPU
		{43B2DAFD-8070-4DDB-85F0-1ACA17B30EDF}.Release|Any CPU.Build.0 = Release|Any CPU
	EndGlobalSection
	GlobalSection(SolutionProperties) = preSolution
		HideSolutionNode = FALSE
	EndGlobalSection
	GlobalSection(ExtensibilityGlobals) = postSolution
		SolutionGuid = {F986B609-F943-47CA-90E2-3C9A86AEA25C}
	EndGlobalSection
EndGlobal
