
Microsoft Visual Studio Solution File, Format Version 12.00
# Visual Studio Version 17
VisualStudioVersion = 17.4.33213.308
MinimumVisualStudioVersion = 10.0.40219.1
Project("{9A19103F-16F7-4668-BE54-9A1E7A4F7556}") = "Rcl.NET", "..\src\Rcl.NET\Rcl.NET.csproj", "{43B2DAFD-8070-4DDB-85F0-1ACA17B30EDF}"
EndProject
Project("{9A19103F-16F7-4668-BE54-9A1E7A4F7556}") = "Rosidl.Runtime", "..\src\Rosidl.Runtime\Rosidl.Runtime.csproj", "{A905E6B3-7852-4CE3-82A5-BDB7B1D0040A}"
EndProject
Project("{9A19103F-16F7-4668-BE54-9A1E7A4F7556}") = "Rosidl.Runtime.SourceGeneration", "..\src\Rosidl.Runtime.SourceGeneration\Rosidl.Runtime.SourceGeneration.csproj", "{EC2DC0A9-2577-4B50-8405-978D81669119}"
EndProject
Project("{9A19103F-16F7-4668-BE54-9A1E7A4F7556}") = "ExampleMessages", "ExampleMessages\ExampleMessages.csproj", "{E1D3176D-B663-4488-83B9-2645F025DD4C}"
EndProject
Project("{2150E333-8FDC-42A3-9474-1A3956D46DE8}") = "deps", "deps", "{00F4797E-E3B5-4EEE-ACEE-50E06A702F18}"
EndProject
Project("{9A19103F-16F7-4668-BE54-9A1E7A4F7556}") = "TurtleRotate", "TurtleRotate\TurtleRotate.csproj", "{768EA656-3825-42C9-8545-1852987F4F29}"
EndProject
Project("{9A19103F-16F7-4668-BE54-9A1E7A4F7556}") = "TurtleCircling", "TurtleCircling\TurtleCircling.csproj", "{1DF70F9C-AAD2-43B7-BD14-6B0D881B8958}"
EndProject
Project("{9A19103F-16F7-4668-BE54-9A1E7A4F7556}") = "TurtlePose", "TurtlePose\TurtlePose.csproj", "{EC592942-6360-416E-ADD6-AE81EDC0C914}"
EndProject
Project("{9A19103F-16F7-4668-BE54-9A1E7A4F7556}") = "TurtleClear", "TurtleClear\TurtleClear.csproj", "{A379ACB6-6B90-45A1-B49E-FCFEBA4A56AA}"
EndProject
Project("{9A19103F-16F7-4668-BE54-9A1E7A4F7556}") = "GraphMonitor", "GraphMonitor\GraphMonitor.csproj", "{B39CCBAA-9595-4777-B911-DC8048A128C3}"
EndProject
Project("{9A19103F-16F7-4668-BE54-9A1E7A4F7556}") = "ExampleService", "ExampleService\ExampleService.csproj", "{71180260-22AA-4C8C-9088-1BB7A3D70F90}"
EndProject
Project("{9A19103F-16F7-4668-BE54-9A1E7A4F7556}") = "ExampleActionServer", "ExampleActionServer\ExampleActionServer.csproj", "{7D5BA923-579E-4F30-A41A-4D5EB0E454CA}"
EndProject
Project("{9A19103F-16F7-4668-BE54-9A1E7A4F7556}") = "FakeClock", "FakeClock\FakeClock.csproj", "{CC545A01-8EBA-4744-BD85-200ECAAB89D0}"
EndProject
Global
	GlobalSection(SolutionConfigurationPlatforms) = preSolution
		Debug|Any CPU = Debug|Any CPU
		Release|Any CPU = Release|Any CPU
	EndGlobalSection
	GlobalSection(ProjectConfigurationPlatforms) = postSolution
		{43B2DAFD-8070-4DDB-85F0-1ACA17B30EDF}.Debug|Any CPU.ActiveCfg = Debug|Any CPU
		{43B2DAFD-8070-4DDB-85F0-1ACA17B30EDF}.Debug|Any CPU.Build.0 = Debug|Any CPU
		{43B2DAFD-8070-4DDB-85F0-1ACA17B30EDF}.Release|Any CPU.ActiveCfg = Release|Any CPU
		{43B2DAFD-8070-4DDB-85F0-1ACA17B30EDF}.Release|Any CPU.Build.0 = Release|Any CPU
		{A905E6B3-7852-4CE3-82A5-BDB7B1D0040A}.Debug|Any CPU.ActiveCfg = Debug|Any CPU
		{A905E6B3-7852-4CE3-82A5-BDB7B1D0040A}.Debug|Any CPU.Build.0 = Debug|Any CPU
		{A905E6B3-7852-4CE3-82A5-BDB7B1D0040A}.Release|Any CPU.ActiveCfg = Release|Any CPU
		{A905E6B3-7852-4CE3-82A5-BDB7B1D0040A}.Release|Any CPU.Build.0 = Release|Any CPU
		{EC2DC0A9-2577-4B50-8405-978D81669119}.Debug|Any CPU.ActiveCfg = Debug|Any CPU
		{EC2DC0A9-2577-4B50-8405-978D81669119}.Debug|Any CPU.Build.0 = Debug|Any CPU
		{EC2DC0A9-2577-4B50-8405-978D81669119}.Release|Any CPU.ActiveCfg = Release|Any CPU
		{EC2DC0A9-2577-4B50-8405-978D81669119}.Release|Any CPU.Build.0 = Release|Any CPU
		{E1D3176D-B663-4488-83B9-2645F025DD4C}.Debug|Any CPU.ActiveCfg = Debug|Any CPU
		{E1D3176D-B663-4488-83B9-2645F025DD4C}.Debug|Any CPU.Build.0 = Debug|Any CPU
		{E1D3176D-B663-4488-83B9-2645F025DD4C}.Release|Any CPU.ActiveCfg = Release|Any CPU
		{E1D3176D-B663-4488-83B9-2645F025DD4C}.Release|Any CPU.Build.0 = Release|Any CPU
		{768EA656-3825-42C9-8545-1852987F4F29}.Debug|Any CPU.ActiveCfg = Debug|Any CPU
		{768EA656-3825-42C9-8545-1852987F4F29}.Debug|Any CPU.Build.0 = Debug|Any CPU
		{768EA656-3825-42C9-8545-1852987F4F29}.Release|Any CPU.ActiveCfg = Release|Any CPU
		{768EA656-3825-42C9-8545-1852987F4F29}.Release|Any CPU.Build.0 = Release|Any CPU
		{1DF70F9C-AAD2-43B7-BD14-6B0D881B8958}.Debug|Any CPU.ActiveCfg = Debug|Any CPU
		{1DF70F9C-AAD2-43B7-BD14-6B0D881B8958}.Debug|Any CPU.Build.0 = Debug|Any CPU
		{1DF70F9C-AAD2-43B7-BD14-6B0D881B8958}.Release|Any CPU.ActiveCfg = Release|Any CPU
		{1DF70F9C-AAD2-43B7-BD14-6B0D881B8958}.Release|Any CPU.Build.0 = Release|Any CPU
		{EC592942-6360-416E-ADD6-AE81EDC0C914}.Debug|Any CPU.ActiveCfg = Debug|Any CPU
		{EC592942-6360-416E-ADD6-AE81EDC0C914}.Debug|Any CPU.Build.0 = Debug|Any CPU
		{EC592942-6360-416E-ADD6-AE81EDC0C914}.Release|Any CPU.ActiveCfg = Release|Any CPU
		{EC592942-6360-416E-ADD6-AE81EDC0C914}.Release|Any CPU.Build.0 = Release|Any CPU
		{A379ACB6-6B90-45A1-B49E-FCFEBA4A56AA}.Debug|Any CPU.ActiveCfg = Debug|Any CPU
		{A379ACB6-6B90-45A1-B49E-FCFEBA4A56AA}.Debug|Any CPU.Build.0 = Debug|Any CPU
		{A379ACB6-6B90-45A1-B49E-FCFEBA4A56AA}.Release|Any CPU.ActiveCfg = Release|Any CPU
		{A379ACB6-6B90-45A1-B49E-FCFEBA4A56AA}.Release|Any CPU.Build.0 = Release|Any CPU
		{B39CCBAA-9595-4777-B911-DC8048A128C3}.Debug|Any CPU.ActiveCfg = Debug|Any CPU
		{B39CCBAA-9595-4777-B911-DC8048A128C3}.Debug|Any CPU.Build.0 = Debug|Any CPU
		{B39CCBAA-9595-4777-B911-DC8048A128C3}.Release|Any CPU.ActiveCfg = Release|Any CPU
		{B39CCBAA-9595-4777-B911-DC8048A128C3}.Release|Any CPU.Build.0 = Release|Any CPU
		{71180260-22AA-4C8C-9088-1BB7A3D70F90}.Debug|Any CPU.ActiveCfg = Debug|Any CPU
		{71180260-22AA-4C8C-9088-1BB7A3D70F90}.Debug|Any CPU.Build.0 = Debug|Any CPU
		{71180260-22AA-4C8C-9088-1BB7A3D70F90}.Release|Any CPU.ActiveCfg = Release|Any CPU
		{71180260-22AA-4C8C-9088-1BB7A3D70F90}.Release|Any CPU.Build.0 = Release|Any CPU
		{7D5BA923-579E-4F30-A41A-4D5EB0E454CA}.Debug|Any CPU.ActiveCfg = Debug|Any CPU
		{7D5BA923-579E-4F30-A41A-4D5EB0E454CA}.Debug|Any CPU.Build.0 = Debug|Any CPU
		{7D5BA923-579E-4F30-A41A-4D5EB0E454CA}.Release|Any CPU.ActiveCfg = Release|Any CPU
		{7D5BA923-579E-4F30-A41A-4D5EB0E454CA}.Release|Any CPU.Build.0 = Release|Any CPU
		{CC545A01-8EBA-4744-BD85-200ECAAB89D0}.Debug|Any CPU.ActiveCfg = Debug|Any CPU
		{CC545A01-8EBA-4744-BD85-200ECAAB89D0}.Debug|Any CPU.Build.0 = Debug|Any CPU
		{CC545A01-8EBA-4744-BD85-200ECAAB89D0}.Release|Any CPU.ActiveCfg = Release|Any CPU
		{CC545A01-8EBA-4744-BD85-200ECAAB89D0}.Release|Any CPU.Build.0 = Release|Any CPU
	EndGlobalSection
	GlobalSection(SolutionProperties) = preSolution
		HideSolutionNode = FALSE
	EndGlobalSection
	GlobalSection(NestedProjects) = preSolution
		{43B2DAFD-8070-4DDB-85F0-1ACA17B30EDF} = {00F4797E-E3B5-4EEE-ACEE-50E06A702F18}
		{A905E6B3-7852-4CE3-82A5-BDB7B1D0040A} = {00F4797E-E3B5-4EEE-ACEE-50E06A702F18}
		{EC2DC0A9-2577-4B50-8405-978D81669119} = {00F4797E-E3B5-4EEE-ACEE-50E06A702F18}
	EndGlobalSection
	GlobalSection(ExtensibilityGlobals) = postSolution
		SolutionGuid = {F986B609-F943-47CA-90E2-3C9A86AEA25C}
	EndGlobalSection
EndGlobal
