
Microsoft Visual Studio Solution File, Format Version 12.00
# Visual Studio Version 17
VisualStudioVersion = 17.5.33414.496
MinimumVisualStudioVersion = 10.0.40219.1
Project("{9A19103F-16F7-4668-BE54-9A1E7A4F7556}") = "node1", "node1\node1.csproj", "{D50FC479-7C28-4EAC-B667-AB20162EA1EA}"
EndProject
Project("{9A19103F-16F7-4668-BE54-9A1E7A4F7556}") = "node2", "node2\node2.csproj", "{C05A84EC-7B98-4FDF-A9DA-93B598EB0E38}"
EndProject
Project("{FAE04EC0-301F-11D3-BF4B-00C04F79EFBC}") = "Messages", "Messages\Messages.csproj", "{1BE0EA0A-1A66-4503-8BC4-692F844D36BE}"
EndProject
Global
	GlobalSection(SolutionConfigurationPlatforms) = preSolution
		Debug|Any CPU = Debug|Any CPU
		Release|Any CPU = Release|Any CPU
	EndGlobalSection
	GlobalSection(ProjectConfigurationPlatforms) = postSolution
		{D50FC479-7C28-4EAC-B667-AB20162EA1EA}.Debug|Any CPU.ActiveCfg = Debug|Any CPU
		{D50FC479-7C28-4EAC-B667-AB20162EA1EA}.Debug|Any CPU.Build.0 = Debug|Any CPU
		{D50FC479-7C28-4EAC-B667-AB20162EA1EA}.Release|Any CPU.ActiveCfg = Release|Any CPU
		{D50FC479-7C28-4EAC-B667-AB20162EA1EA}.Release|Any CPU.Build.0 = Release|Any CPU
		{C05A84EC-7B98-4FDF-A9DA-93B598EB0E38}.Debug|Any CPU.ActiveCfg = Debug|Any CPU
		{C05A84EC-7B98-4FDF-A9DA-93B598EB0E38}.Debug|Any CPU.Build.0 = Debug|Any CPU
		{C05A84EC-7B98-4FDF-A9DA-93B598EB0E38}.Release|Any CPU.ActiveCfg = Release|Any CPU
		{C05A84EC-7B98-4FDF-A9DA-93B598EB0E38}.Release|Any CPU.Build.0 = Release|Any CPU
		{1BE0EA0A-1A66-4503-8BC4-692F844D36BE}.Debug|Any CPU.ActiveCfg = Debug|Any CPU
		{1BE0EA0A-1A66-4503-8BC4-692F844D36BE}.Debug|Any CPU.Build.0 = Debug|Any CPU
		{1BE0EA0A-1A66-4503-8BC4-692F844D36BE}.Release|Any CPU.ActiveCfg = Release|Any CPU
		{1BE0EA0A-1A66-4503-8BC4-692F844D36BE}.Release|Any CPU.Build.0 = Release|Any CPU
	EndGlobalSection
	GlobalSection(SolutionProperties) = preSolution
		HideSolutionNode = FALSE
	EndGlobalSection
	GlobalSection(ExtensibilityGlobals) = postSolution
		SolutionGuid = {3C107966-74F4-4D0D-A2E0-E6FA28B72DF0}
	EndGlobalSection
EndGlobal
