
Microsoft Visual Studio Solution File, Format Version 12.00
# Visual Studio Version 17
VisualStudioVersion = 17.0.31903.59
MinimumVisualStudioVersion = 10.0.40219.1
Project("{9A19103F-16F7-4668-BE54-9A1E7A4F7556}") = "Rcl.NET", "Rcl.NET\Rcl.NET.csproj", "{D9E0F659-190A-4EE9-B0C4-731C831F3651}"
EndProject
Project("{9A19103F-16F7-4668-BE54-9A1E7A4F7556}") = "Rosidl.Runtime", "Rosidl.Runtime\Rosidl.Runtime.csproj", "{508B5ED5-0507-4218-B510-491D66C0104E}"
EndProject
Project("{9A19103F-16F7-4668-BE54-9A1E7A4F7556}") = "Rosidl.Runtime.SourceGeneration", "Rosidl.Runtime.SourceGeneration\Rosidl.Runtime.SourceGeneration.csproj", "{A3A84B20-C909-44FF-B598-AAD31876E7C9}"
EndProject
Project("{9A19103F-16F7-4668-BE54-9A1E7A4F7556}") = "Rcl.NET.Tests", "Rcl.NET.Tests\Rcl.NET.Tests.csproj", "{24383CC9-942E-44C8-B774-D48FF690873E}"
EndProject
Global
	GlobalSection(SolutionConfigurationPlatforms) = preSolution
		Debug|Any CPU = Debug|Any CPU
		Release|Any CPU = Release|Any CPU
	EndGlobalSection
	GlobalSection(ProjectConfigurationPlatforms) = postSolution
		{D9E0F659-190A-4EE9-B0C4-731C831F3651}.Debug|Any CPU.ActiveCfg = Debug|Any CPU
		{D9E0F659-190A-4EE9-B0C4-731C831F3651}.Debug|Any CPU.Build.0 = Debug|Any CPU
		{D9E0F659-190A-4EE9-B0C4-731C831F3651}.Release|Any CPU.ActiveCfg = Release|Any CPU
		{D9E0F659-190A-4EE9-B0C4-731C831F3651}.Release|Any CPU.Build.0 = Release|Any CPU
		{508B5ED5-0507-4218-B510-491D66C0104E}.Debug|Any CPU.ActiveCfg = Debug|Any CPU
		{508B5ED5-0507-4218-B510-491D66C0104E}.Debug|Any CPU.Build.0 = Debug|Any CPU
		{508B5ED5-0507-4218-B510-491D66C0104E}.Release|Any CPU.ActiveCfg = Release|Any CPU
		{508B5ED5-0507-4218-B510-491D66C0104E}.Release|Any CPU.Build.0 = Release|Any CPU
		{A3A84B20-C909-44FF-B598-AAD31876E7C9}.Debug|Any CPU.ActiveCfg = Debug|Any CPU
		{A3A84B20-C909-44FF-B598-AAD31876E7C9}.Debug|Any CPU.Build.0 = Debug|Any CPU
		{A3A84B20-C909-44FF-B598-AAD31876E7C9}.Release|Any CPU.ActiveCfg = Release|Any CPU
		{A3A84B20-C909-44FF-B598-AAD31876E7C9}.Release|Any CPU.Build.0 = Release|Any CPU
		{24383CC9-942E-44C8-B774-D48FF690873E}.Debug|Any CPU.ActiveCfg = Debug|Any CPU
		{24383CC9-942E-44C8-B774-D48FF690873E}.Debug|Any CPU.Build.0 = Debug|Any CPU
		{24383CC9-942E-44C8-B774-D48FF690873E}.Release|Any CPU.ActiveCfg = Release|Any CPU
		{24383CC9-942E-44C8-B774-D48FF690873E}.Release|Any CPU.Build.0 = Release|Any CPU
	EndGlobalSection
	GlobalSection(SolutionProperties) = preSolution
		HideSolutionNode = FALSE
	EndGlobalSection
	GlobalSection(ExtensibilityGlobals) = postSolution
		SolutionGuid = {D6CE0170-57F7-4DC6-85AE-E59F6317C869}
	EndGlobalSection
EndGlobal
