
Microsoft Visual Studio Solution File, Format Version 12.00
# Visual Studio Version 17
VisualStudioVersion = 17.4.33213.308
MinimumVisualStudioVersion = 10.0.40219.1
Project("{9A19103F-16F7-4668-BE54-9A1E7A4F7556}") = "ros2cs", "ros2cs\ros2cs.csproj", "{8F60FAA9-B6E9-4670-A51B-3FD798BF5AD3}"
EndProject
Project("{9A19103F-16F7-4668-BE54-9A1E7A4F7556}") = "Rosidl.Generator.CSharp", "Rosidl.Generator.CSharp\Rosidl.Generator.CSharp.csproj", "{138D9F54-C105-4143-B46E-6317438CABEE}"
EndProject
Project("{9A19103F-16F7-4668-BE54-9A1E7A4F7556}") = "CodegenTests", "CodegenTests\CodegenTests.csproj", "{5BC70342-0B39-4DD5-8557-C09CD84943B5}"
EndProject
Project("{9A19103F-16F7-4668-BE54-9A1E7A4F7556}") = "Rosidl.Runtime", "Rosidl.Runtime\Rosidl.Runtime.csproj", "{0931B83C-BC6B-422F-BCB0-A7D783A3F97B}"
EndProject
Project("{9A19103F-16F7-4668-BE54-9A1E7A4F7556}") = "CodegenTests.V1", "CodegenTests.V1\CodegenTests.V1.csproj", "{A39A0B18-E638-4CE2-9C78-7226D52FC7D1}"
EndProject
Project("{9A19103F-16F7-4668-BE54-9A1E7A4F7556}") = "CodegenTests.V2", "CodegenTests.V2\CodegenTests.V2.csproj", "{CE5D1E18-CBE9-47C2-8B34-820152099B47}"
EndProject
Project("{9A19103F-16F7-4668-BE54-9A1E7A4F7556}") = "CodegenTests.Portable", "CodegenTests.Portable\CodegenTests.Portable.csproj", "{0FDA8A2E-0D5F-440E-9C83-73D215A3C704}"
EndProject
Project("{9A19103F-16F7-4668-BE54-9A1E7A4F7556}") = "Rosidl.Runtime.Tests", "Rosidl.Runtime.Tests\Rosidl.Runtime.Tests.csproj", "{823FEC42-A4BE-4FB5-B82E-CED5209BFEE6}"
EndProject
Global
	GlobalSection(SolutionConfigurationPlatforms) = preSolution
		Debug|Any CPU = Debug|Any CPU
		Release|Any CPU = Release|Any CPU
	EndGlobalSection
	GlobalSection(ProjectConfigurationPlatforms) = postSolution
		{8F60FAA9-B6E9-4670-A51B-3FD798BF5AD3}.Debug|Any CPU.ActiveCfg = Debug|Any CPU
		{8F60FAA9-B6E9-4670-A51B-3FD798BF5AD3}.Debug|Any CPU.Build.0 = Debug|Any CPU
		{8F60FAA9-B6E9-4670-A51B-3FD798BF5AD3}.Release|Any CPU.ActiveCfg = Release|Any CPU
		{8F60FAA9-B6E9-4670-A51B-3FD798BF5AD3}.Release|Any CPU.Build.0 = Release|Any CPU
		{138D9F54-C105-4143-B46E-6317438CABEE}.Debug|Any CPU.ActiveCfg = Debug|Any CPU
		{138D9F54-C105-4143-B46E-6317438CABEE}.Debug|Any CPU.Build.0 = Debug|Any CPU
		{138D9F54-C105-4143-B46E-6317438CABEE}.Release|Any CPU.ActiveCfg = Release|Any CPU
		{138D9F54-C105-4143-B46E-6317438CABEE}.Release|Any CPU.Build.0 = Release|Any CPU
		{5BC70342-0B39-4DD5-8557-C09CD84943B5}.Debug|Any CPU.ActiveCfg = Debug|Any CPU
		{5BC70342-0B39-4DD5-8557-C09CD84943B5}.Debug|Any CPU.Build.0 = Debug|Any CPU
		{5BC70342-0B39-4DD5-8557-C09CD84943B5}.Release|Any CPU.ActiveCfg = Release|Any CPU
		{5BC70342-0B39-4DD5-8557-C09CD84943B5}.Release|Any CPU.Build.0 = Release|Any CPU
		{0931B83C-BC6B-422F-BCB0-A7D783A3F97B}.Debug|Any CPU.ActiveCfg = Debug|Any CPU
		{0931B83C-BC6B-422F-BCB0-A7D783A3F97B}.Debug|Any CPU.Build.0 = Debug|Any CPU
		{0931B83C-BC6B-422F-BCB0-A7D783A3F97B}.Release|Any CPU.ActiveCfg = Release|Any CPU
		{0931B83C-BC6B-422F-BCB0-A7D783A3F97B}.Release|Any CPU.Build.0 = Release|Any CPU
		{A39A0B18-E638-4CE2-9C78-7226D52FC7D1}.Debug|Any CPU.ActiveCfg = Debug|Any CPU
		{A39A0B18-E638-4CE2-9C78-7226D52FC7D1}.Debug|Any CPU.Build.0 = Debug|Any CPU
		{A39A0B18-E638-4CE2-9C78-7226D52FC7D1}.Release|Any CPU.ActiveCfg = Release|Any CPU
		{A39A0B18-E638-4CE2-9C78-7226D52FC7D1}.Release|Any CPU.Build.0 = Release|Any CPU
		{CE5D1E18-CBE9-47C2-8B34-820152099B47}.Debug|Any CPU.ActiveCfg = Debug|Any CPU
		{CE5D1E18-CBE9-47C2-8B34-820152099B47}.Debug|Any CPU.Build.0 = Debug|Any CPU
		{CE5D1E18-CBE9-47C2-8B34-820152099B47}.Release|Any CPU.ActiveCfg = Release|Any CPU
		{CE5D1E18-CBE9-47C2-8B34-820152099B47}.Release|Any CPU.Build.0 = Release|Any CPU
		{0FDA8A2E-0D5F-440E-9C83-73D215A3C704}.Debug|Any CPU.ActiveCfg = Debug|Any CPU
		{0FDA8A2E-0D5F-440E-9C83-73D215A3C704}.Debug|Any CPU.Build.0 = Debug|Any CPU
		{0FDA8A2E-0D5F-440E-9C83-73D215A3C704}.Release|Any CPU.ActiveCfg = Release|Any CPU
		{0FDA8A2E-0D5F-440E-9C83-73D215A3C704}.Release|Any CPU.Build.0 = Release|Any CPU
		{823FEC42-A4BE-4FB5-B82E-CED5209BFEE6}.Debug|Any CPU.ActiveCfg = Debug|Any CPU
		{823FEC42-A4BE-4FB5-B82E-CED5209BFEE6}.Debug|Any CPU.Build.0 = Debug|Any CPU
		{823FEC42-A4BE-4FB5-B82E-CED5209BFEE6}.Release|Any CPU.ActiveCfg = Release|Any CPU
		{823FEC42-A4BE-4FB5-B82E-CED5209BFEE6}.Release|Any CPU.Build.0 = Release|Any CPU
	EndGlobalSection
	GlobalSection(SolutionProperties) = preSolution
		HideSolutionNode = FALSE
	EndGlobalSection
	GlobalSection(ExtensibilityGlobals) = postSolution
		SolutionGuid = {B1E3AC0A-688F-45A8-AFC7-B64999F93D5C}
	EndGlobalSection
EndGlobal
